
Microsoft Visual Studio Solution File, Format Version 12.00
# Visual Studio Version 17
VisualStudioVersion = 17.5.33530.505
MinimumVisualStudioVersion = 10.0.40219.1
Project("{FAE04EC0-301F-11D3-BF4B-00C04F79EFBC}") = "BlazorForms", "BlazorForms\BlazorForms.csproj", "{C2F9092D-497B-4903-9EE4-6CB971D9C727}"
EndProject
Global
	GlobalSection(SolutionConfigurationPlatforms) = preSolution
		Debug|Any CPU = Debug|Any CPU
		Release|Any CPU = Release|Any CPU
	EndGlobalSection
	GlobalSection(ProjectConfigurationPlatforms) = postSolution
		{C2F9092D-497B-4903-9EE4-6CB971D9C727}.Debug|Any CPU.ActiveCfg = Debug|Any CPU
		{C2F9092D-497B-4903-9EE4-6CB971D9C727}.Debug|Any CPU.Build.0 = Debug|Any CPU
		{C2F9092D-497B-4903-9EE4-6CB971D9C727}.Release|Any CPU.ActiveCfg = Release|Any CPU
		{C2F9092D-497B-4903-9EE4-6CB971D9C727}.Release|Any CPU.Build.0 = Release|Any CPU
	EndGlobalSection
	GlobalSection(SolutionProperties) = preSolution
		HideSolutionNode = FALSE
	EndGlobalSection
	GlobalSection(ExtensibilityGlobals) = postSolution
		SolutionGuid = {91654F78-6ADD-4FD2-9491-40B98E91403E}
	EndGlobalSection
EndGlobal
